
Microsoft Visual Studio Solution File, Format Version 12.00
# Visual Studio Version 16
VisualStudioVersion = 16.0.30907.101
MinimumVisualStudioVersion = 10.0.40219.1
Project("{FAE04EC0-301F-11D3-BF4B-00C04F79EFBC}") = "ASP_CORE", "ASP_CORE\ASP_CORE.csproj", "{DD949BD2-628D-4B79-815F-34ADB0CBF272}"
EndProject
Project("{FAE04EC0-301F-11D3-BF4B-00C04F79EFBC}") = "TelephoneBook", "TelephoneBook\TelephoneBook.csproj", "{A410A44A-CE81-4604-BD11-8629FF1D0124}"
EndProject
Global
	GlobalSection(SolutionConfigurationPlatforms) = preSolution
		Debug|Any CPU = Debug|Any CPU
		Release|Any CPU = Release|Any CPU
	EndGlobalSection
	GlobalSection(ProjectConfigurationPlatforms) = postSolution
		{DD949BD2-628D-4B79-815F-34ADB0CBF272}.Debug|Any CPU.ActiveCfg = Debug|Any CPU
		{DD949BD2-628D-4B79-815F-34ADB0CBF272}.Debug|Any CPU.Build.0 = Debug|Any CPU
		{DD949BD2-628D-4B79-815F-34ADB0CBF272}.Release|Any CPU.ActiveCfg = Release|Any CPU
		{DD949BD2-628D-4B79-815F-34ADB0CBF272}.Release|Any CPU.Build.0 = Release|Any CPU
		{A410A44A-CE81-4604-BD11-8629FF1D0124}.Debug|Any CPU.ActiveCfg = Debug|Any CPU
		{A410A44A-CE81-4604-BD11-8629FF1D0124}.Debug|Any CPU.Build.0 = Debug|Any CPU
		{A410A44A-CE81-4604-BD11-8629FF1D0124}.Release|Any CPU.ActiveCfg = Release|Any CPU
		{A410A44A-CE81-4604-BD11-8629FF1D0124}.Release|Any CPU.Build.0 = Release|Any CPU
	EndGlobalSection
	GlobalSection(SolutionProperties) = preSolution
		HideSolutionNode = FALSE
	EndGlobalSection
	GlobalSection(ExtensibilityGlobals) = postSolution
		SolutionGuid = {5F0B6CD4-E281-4D1E-904F-6B8A0A40ED50}
	EndGlobalSection
EndGlobal
